
Microsoft Visual Studio Solution File, Format Version 12.00
# Visual Studio 15
VisualStudioVersion = 15.0.27004.2009
MinimumVisualStudioVersion = 10.0.40219.1
Project("{FAE04EC0-301F-11D3-BF4B-00C04F79EFBC}") = "removeWordsNoDefs", "removeWordsNoDefs\removeWordsNoDefs.csproj", "{812A6394-D156-47CA-8C63-15C47F512E79}"
EndProject
Global
	GlobalSection(SolutionConfigurationPlatforms) = preSolution
		Debug|Any CPU = Debug|Any CPU
		Release|Any CPU = Release|Any CPU
	EndGlobalSection
	GlobalSection(ProjectConfigurationPlatforms) = postSolution
		{812A6394-D156-47CA-8C63-15C47F512E79}.Debug|Any CPU.ActiveCfg = Debug|Any CPU
		{812A6394-D156-47CA-8C63-15C47F512E79}.Debug|Any CPU.Build.0 = Debug|Any CPU
		{812A6394-D156-47CA-8C63-15C47F512E79}.Release|Any CPU.ActiveCfg = Release|Any CPU
		{812A6394-D156-47CA-8C63-15C47F512E79}.Release|Any CPU.Build.0 = Release|Any CPU
	EndGlobalSection
	GlobalSection(SolutionProperties) = preSolution
		HideSolutionNode = FALSE
	EndGlobalSection
	GlobalSection(ExtensibilityGlobals) = postSolution
		SolutionGuid = {F54AB47A-1FCC-4481-8117-CF8A5BD40A74}
	EndGlobalSection
EndGlobal
